Microsoft Visual Studio Solution File, Format Version 12.00
# Visual Studio Version 17
VisualStudioVersion = 17.5.2.0
MinimumVisualStudioVersion = 10.0.40219.1
Project("{FAE04EC0-301F-11D3-BF4B-00C04F79EFBC}") = "Spel-mono-sub", "Spel-mono-sub.csproj", "{EB58D860-19F8-883D-9F17-3377FC20E327}"
EndProject
Global
	GlobalSection(SolutionConfigurationPlatforms) = preSolution
		Debug|Any CPU = Debug|Any CPU
		Release|Any CPU = Release|Any CPU
	EndGlobalSection
	GlobalSection(ProjectConfigurationPlatforms) = postSolution
		{EB58D860-19F8-883D-9F17-3377FC20E327}.Debug|Any CPU.ActiveCfg = Debug|Any CPU
		{EB58D860-19F8-883D-9F17-3377FC20E327}.Debug|Any CPU.Build.0 = Debug|Any CPU
		{EB58D860-19F8-883D-9F17-3377FC20E327}.Release|Any CPU.ActiveCfg = Release|Any CPU
		{EB58D860-19F8-883D-9F17-3377FC20E327}.Release|Any CPU.Build.0 = Release|Any CPU
	EndGlobalSection
	GlobalSection(SolutionProperties) = preSolution
		HideSolutionNode = FALSE
	EndGlobalSection
	GlobalSection(ExtensibilityGlobals) = postSolution
		SolutionGuid = {5EAB00CE-E96D-4D54-8A93-265940B0BAE9}
	EndGlobalSection
EndGlobal
